
Microsoft Visual Studio Solution File, Format Version 12.00
# Visual Studio Version 16
VisualStudioVersion = 16.6.30114.105
MinimumVisualStudioVersion = 10.0.40219.1
Project("{FAE04EC0-301F-11D3-BF4B-00C04F79EFBC}") = "API", "API\API.csproj", "{B98243EC-18F6-48FE-9BE7-0CDD4DCBF3AD}"
EndProject
Project("{FAE04EC0-301F-11D3-BF4B-00C04F79EFBC}") = "Core", "Core\Core.csproj", "{DABAA2E8-ABB4-4F77-B423-9E2F7C1A7AC1}"
EndProject
Project("{FAE04EC0-301F-11D3-BF4B-00C04F79EFBC}") = "Infrastructure", "Infrastructure\Infrastructure.csproj", "{E8B34D00-D095-4419-84F0-1ED440FB7959}"
EndProject
Global
	GlobalSection(SolutionConfigurationPlatforms) = preSolution
		Debug|Any CPU = Debug|Any CPU
		Debug|x64 = Debug|x64
		Debug|x86 = Debug|x86
		Release|Any CPU = Release|Any CPU
		Release|x64 = Release|x64
		Release|x86 = Release|x86
	EndGlobalSection
	GlobalSection(SolutionProperties) = preSolution
		HideSolutionNode = FALSE
	EndGlobalSection
	GlobalSection(ProjectConfigurationPlatforms) = postSolution
		{B98243EC-18F6-48FE-9BE7-0CDD4DCBF3AD}.Debug|Any CPU.ActiveCfg = Debug|Any CPU
		{B98243EC-18F6-48FE-9BE7-0CDD4DCBF3AD}.Debug|Any CPU.Build.0 = Debug|Any CPU
		{B98243EC-18F6-48FE-9BE7-0CDD4DCBF3AD}.Debug|x64.ActiveCfg = Debug|Any CPU
		{B98243EC-18F6-48FE-9BE7-0CDD4DCBF3AD}.Debug|x64.Build.0 = Debug|Any CPU
		{B98243EC-18F6-48FE-9BE7-0CDD4DCBF3AD}.Debug|x86.ActiveCfg = Debug|Any CPU
		{B98243EC-18F6-48FE-9BE7-0CDD4DCBF3AD}.Debug|x86.Build.0 = Debug|Any CPU
		{B98243EC-18F6-48FE-9BE7-0CDD4DCBF3AD}.Release|Any CPU.ActiveCfg = Release|Any CPU
		{B98243EC-18F6-48FE-9BE7-0CDD4DCBF3AD}.Release|Any CPU.Build.0 = Release|Any CPU
		{B98243EC-18F6-48FE-9BE7-0CDD4DCBF3AD}.Release|x64.ActiveCfg = Release|Any CPU
		{B98243EC-18F6-48FE-9BE7-0CDD4DCBF3AD}.Release|x64.Build.0 = Release|Any CPU
		{B98243EC-18F6-48FE-9BE7-0CDD4DCBF3AD}.Release|x86.ActiveCfg = Release|Any CPU
		{B98243EC-18F6-48FE-9BE7-0CDD4DCBF3AD}.Release|x86.Build.0 = Release|Any CPU
		{DABAA2E8-ABB4-4F77-B423-9E2F7C1A7AC1}.Debug|Any CPU.ActiveCfg = Debug|Any CPU
		{DABAA2E8-ABB4-4F77-B423-9E2F7C1A7AC1}.Debug|Any CPU.Build.0 = Debug|Any CPU
		{DABAA2E8-ABB4-4F77-B423-9E2F7C1A7AC1}.Debug|x64.ActiveCfg = Debug|Any CPU
		{DABAA2E8-ABB4-4F77-B423-9E2F7C1A7AC1}.Debug|x64.Build.0 = Debug|Any CPU
		{DABAA2E8-ABB4-4F77-B423-9E2F7C1A7AC1}.Debug|x86.ActiveCfg = Debug|Any CPU
		{DABAA2E8-ABB4-4F77-B423-9E2F7C1A7AC1}.Debug|x86.Build.0 = Debug|Any CPU
		{DABAA2E8-ABB4-4F77-B423-9E2F7C1A7AC1}.Release|Any CPU.ActiveCfg = Release|Any CPU
		{DABAA2E8-ABB4-4F77-B423-9E2F7C1A7AC1}.Release|Any CPU.Build.0 = Release|Any CPU
		{DABAA2E8-ABB4-4F77-B423-9E2F7C1A7AC1}.Release|x64.ActiveCfg = Release|Any CPU
		{DABAA2E8-ABB4-4F77-B423-9E2F7C1A7AC1}.Release|x64.Build.0 = Release|Any CPU
		{DABAA2E8-ABB4-4F77-B423-9E2F7C1A7AC1}.Release|x86.ActiveCfg = Release|Any CPU
		{DABAA2E8-ABB4-4F77-B423-9E2F7C1A7AC1}.Release|x86.Build.0 = Release|Any CPU
		{E8B34D00-D095-4419-84F0-1ED440FB7959}.Debug|Any CPU.ActiveCfg = Debug|Any CPU
		{E8B34D00-D095-4419-84F0-1ED440FB7959}.Debug|Any CPU.Build.0 = Debug|Any CPU
		{E8B34D00-D095-4419-84F0-1ED440FB7959}.Debug|x64.ActiveCfg = Debug|Any CPU
		{E8B34D00-D095-4419-84F0-1ED440FB7959}.Debug|x64.Build.0 = Debug|Any CPU
		{E8B34D00-D095-4419-84F0-1ED440FB7959}.Debug|x86.ActiveCfg = Debug|Any CPU
		{E8B34D00-D095-4419-84F0-1ED440FB7959}.Debug|x86.Build.0 = Debug|Any CPU
		{E8B34D00-D095-4419-84F0-1ED440FB7959}.Release|Any CPU.ActiveCfg = Release|Any CPU
		{E8B34D00-D095-4419-84F0-1ED440FB7959}.Release|Any CPU.Build.0 = Release|Any CPU
		{E8B34D00-D095-4419-84F0-1ED440FB7959}.Release|x64.ActiveCfg = Release|Any CPU
		{E8B34D00-D095-4419-84F0-1ED440FB7959}.Release|x64.Build.0 = Release|Any CPU
		{E8B34D00-D095-4419-84F0-1ED440FB7959}.Release|x86.ActiveCfg = Release|Any CPU
		{E8B34D00-D095-4419-84F0-1ED440FB7959}.Release|x86.Build.0 = Release|Any CPU
	EndGlobalSection
EndGlobal
